// !$*UTF8*$!
{
	archiveVersion = 1;
	classes = {
	};
	objectVersion = 46;
	objects = {

/* Begin PBXBuildFile section */
		400C99FA1961351800A0F201 /* AppDelegate.swift in Sources */ = {isa = PBXBuildFile; fileRef = 400C99F91961351800A0F201 /* AppDelegate.swift */; };
		400C99FC1961351800A0F201 /* GameScene.sks in Resources */ = {isa = PBXBuildFile; fileRef = 400C99FB1961351800A0F201 /* GameScene.sks */; };
		400C99FE1961351800A0F201 /* GameScene.swift in Sources */ = {isa = PBXBuildFile; fileRef = 400C99FD1961351800A0F201 /* GameScene.swift */; };
		400C9A001961351800A0F201 /* GameViewController.swift in Sources */ = {isa = PBXBuildFile; fileRef = 400C99FF1961351800A0F201 /* GameViewController.swift */; };
		400C9A031961351800A0F201 /* Main.storyboard in Resources */ = {isa = PBXBuildFile; fileRef = 400C9A011961351800A0F201 /* Main.storyboard */; };
		400C9A051961351800A0F201 /* Images.xcassets in Resources */ = {isa = PBXBuildFile; fileRef = 400C9A041961351800A0F201 /* Images.xcassets */; };
		400C9A111961351800A0F201 /* Surf_EscapeTests.swift in Sources */ = {isa = PBXBuildFile; fileRef = 400C9A101961351800A0F201 /* Surf_EscapeTests.swift */; };
		403E6A79196292A900E561C9 /* Surfer.png in Resources */ = {isa = PBXBuildFile; fileRef = 403E6A78196292A900E561C9 /* Surfer.png */; };
		403E6A7B196292C100E561C9 /* Rocks.png in Resources */ = {isa = PBXBuildFile; fileRef = 403E6A7A196292C100E561C9 /* Rocks.png */; };
		403E6A7D1962968400E561C9 /* Ground.png in Resources */ = {isa = PBXBuildFile; fileRef = 403E6A7C1962968400E561C9 /* Ground.png */; };
/* End PBXBuildFile section */

/* Begin PBXContainerItemProxy section */
		400C9A0B1961351800A0F201 /* PBXContainerItemProxy */ = {
			isa = PBXContainerItemProxy;
			containerPortal = 400C99EC1961351800A0F201 /* Project object */;
			proxyType = 1;
			remoteGlobalIDString = 400C99F31961351800A0F201;
			remoteInfo = "Surf Escape";
		};
/* End PBXContainerItemProxy section */

/* Begin PBXFileReference section */
		400C99F41961351800A0F201 /* Surf Escape.app */ = {isa = PBXFileReference; explicitFileType = wrapper.application; includeInIndex = 0; path = "Surf Escape.app"; sourceTree = BUILT_PRODUCTS_DIR; };
		400C99F81961351800A0F201 /* Info.plist */ = {isa = PBXFileReference; lastKnownFileType = text.plist.xml; path = Info.plist; sourceTree = "<group>"; };
		400C99F91961351800A0F201 /* AppDelegate.swift */ = {isa = PBXFileReference; lastKnownFileType = sourcecode.swift; path = AppDelegate.swift; sourceTree = "<group>"; };
		400C99FB1961351800A0F201 /* GameScene.sks */ = {isa = PBXFileReference; lastKnownFileType = file.sks; path = GameScene.sks; sourceTree = "<group>"; };
		400C99FD1961351800A0F201 /* GameScene.swift */ = {isa = PBXFileReference; lastKnownFileType = sourcecode.swift; path = GameScene.swift; sourceTree = "<group>"; };
		400C99FF1961351800A0F201 /* GameViewController.swift */ = {isa = PBXFileReference; lastKnownFileType = sourcecode.swift; path = GameViewController.swift; sourceTree = "<group>"; };
		400C9A021961351800A0F201 /* Base */ = {isa = PBXFileReference; lastKnownFileType = file.storyboard; name = Base; path = Base.lproj/Main.storyboard; sourceTree = "<group>"; };
		400C9A041961351800A0F201 /* Images.xcassets */ = {isa = PBXFileReference; lastKnownFileType = folder.assetcatalog; path = Images.xcassets; sourceTree = "<group>"; };
		400C9A0A1961351800A0F201 /* Surf EscapeTests.xctest */ = {isa = PBXFileReference; explicitFileType = wrapper.cfbundle; includeInIndex = 0; path = "Surf EscapeTests.xctest"; sourceTree = BUILT_PRODUCTS_DIR; };
		400C9A0F1961351800A0F201 /* Info.plist */ = {isa = PBXFileReference; lastKnownFileType = text.plist.xml; path = Info.plist; sourceTree = "<group>"; };
		400C9A101961351800A0F201 /* Surf_EscapeTests.swift */ = {isa = PBXFileReference; lastKnownFileType = sourcecode.swift; path = Surf_EscapeTests.swift; sourceTree = "<group>"; };
		403E6A78196292A900E561C9 /* Surfer.png */ = {isa = PBXFileReference; lastKnownFileType = image.png; path = Surfer.png; sourceTree = "<group>"; };
		403E6A7A196292C100E561C9 /* Rocks.png */ = {isa = PBXFileReference; lastKnownFileType = image.png; path = Rocks.png; sourceTree = "<group>"; };
		403E6A7C1962968400E561C9 /* Ground.png */ = {isa = PBXFileReference; lastKnownFileType = image.png; path = Ground.png; sourceTree = "<group>"; };
/* End PBXFileReference section */

/* Begin PBXFrameworksBuildPhase section */
		400C99F11961351800A0F201 /* Frameworks */ = {
			isa = PBXFrameworksBuildPhase;
			buildActionMask = 2147483647;
			files = (
			);
			runOnlyForDeploymentPostprocessing = 0;
		};
		400C9A071961351800A0F201 /* Frameworks */ = {
			isa = PBXFrameworksBuildPhase;
			buildActionMask = 2147483647;
			files = (
			);
			runOnlyForDeploymentPostprocessing = 0;
		};
/* End PBXFrameworksBuildPhase section */

/* Begin PBXGroup section */
		400C99EB1961351800A0F201 = {
			isa = PBXGroup;
			children = (
				400C99F61961351800A0F201 /* Surf Escape */,
				400C9A0D1961351800A0F201 /* Surf EscapeTests */,
				400C99F51961351800A0F201 /* Products */,
			);
			sourceTree = "<group>";
		};
		400C99F51961351800A0F201 /* Products */ = {
			isa = PBXGroup;
			children = (
				400C99F41961351800A0F201 /* Surf Escape.app */,
				400C9A0A1961351800A0F201 /* Surf EscapeTests.xctest */,
			);
			name = Products;
			sourceTree = "<group>";
		};
		400C99F61961351800A0F201 /* Surf Escape */ = {
			isa = PBXGroup;
			children = (
				400C99F91961351800A0F201 /* AppDelegate.swift */,
				400C99FB1961351800A0F201 /* GameScene.sks */,
				400C99FD1961351800A0F201 /* GameScene.swift */,
				400C99FF1961351800A0F201 /* GameViewController.swift */,
				400C9A011961351800A0F201 /* Main.storyboard */,
				400C9A041961351800A0F201 /* Images.xcassets */,
				400C9A1A19613D5100A0F201 /* Images */,
				400C99F71961351800A0F201 /* Supporting Files */,
			);
			path = "Surf Escape";
			sourceTree = "<group>";
		};
		400C99F71961351800A0F201 /* Supporting Files */ = {
			isa = PBXGroup;
			children = (
				400C99F81961351800A0F201 /* Info.plist */,
			);
			name = "Supporting Files";
			sourceTree = "<group>";
		};
		400C9A0D1961351800A0F201 /* Surf EscapeTests */ = {
			isa = PBXGroup;
			children = (
				400C9A101961351800A0F201 /* Surf_EscapeTests.swift */,
				400C9A0E1961351800A0F201 /* Supporting Files */,
			);
			path = "Surf EscapeTests";
			sourceTree = "<group>";
		};
		400C9A0E1961351800A0F201 /* Supporting Files */ = {
			isa = PBXGroup;
			children = (
				400C9A0F1961351800A0F201 /* Info.plist */,
			);
			name = "Supporting Files";
			sourceTree = "<group>";
		};
		400C9A1A19613D5100A0F201 /* Images */ = {
			isa = PBXGroup;
			children = (
				403E6A78196292A900E561C9 /* Surfer.png */,
				403E6A7A196292C100E561C9 /* Rocks.png */,
				403E6A7C1962968400E561C9 /* Ground.png */,
			);
			name = Images;
			path = ..;
			sourceTree = "<group>";
		};
/* End PBXGroup section */

/* Begin PBXNativeTarget section */
		400C99F31961351800A0F201 /* Surf Escape */ = {
			isa = PBXNativeTarget;
			buildConfigurationList = 400C9A141961351800A0F201 /* Build configuration list for PBXNativeTarget "Surf Escape" */;
			buildPhases = (
				400C99F01961351800A0F201 /* Sources */,
				400C99F11961351800A0F201 /* Frameworks */,
				400C99F21961351800A0F201 /* Resources */,
			);
			buildRules = (
			);
			dependencies = (
			);
			name = "Surf Escape";
			productName = "Surf Escape";
			productReference = 400C99F41961351800A0F201 /* Surf Escape.app */;
			productType = "com.apple.product-type.application";
		};
		400C9A091961351800A0F201 /* Surf EscapeTests */ = {
			isa = PBXNativeTarget;
			buildConfigurationList = 400C9A171961351800A0F201 /* Build configuration list for PBXNativeTarget "Surf EscapeTests" */;
			buildPhases = (
				400C9A061961351800A0F201 /* Sources */,
				400C9A071961351800A0F201 /* Frameworks */,
				400C9A081961351800A0F201 /* Resources */,
			);
			buildRules = (
			);
			dependencies = (
				400C9A0C1961351800A0F201 /* PBXTargetDependency */,
			);
			name = "Surf EscapeTests";
			productName = "Surf EscapeTests";
			productReference = 400C9A0A1961351800A0F201 /* Surf EscapeTests.xctest */;
			productType = "com.apple.product-type.bundle.unit-test";
		};
/* End PBXNativeTarget section */

/* Begin PBXProject section */
		400C99EC1961351800A0F201 /* Project object */ = {
			isa = PBXProject;
			attributes = {
				LastUpgradeCheck = 0600;
				ORGANIZATIONNAME = "JT App Development";
				TargetAttributes = {
					400C99F31961351800A0F201 = {
						CreatedOnToolsVersion = 6.0;
						DevelopmentTeam = BRE4SHMKEL;
					};
					400C9A091961351800A0F201 = {
						CreatedOnToolsVersion = 6.0;
						TestTargetID = 400C99F31961351800A0F201;
					};
				};
			};
			buildConfigurationList = 400C99EF1961351800A0F201 /* Build configuration list for PBXProject "Surf Escape" */;
			compatibilityVersion = "Xcode 3.2";
			developmentRegion = English;
			hasScannedForEncodings = 0;
			knownRegions = (
				en,
				Base,
			);
			mainGroup = 400C99EB1961351800A0F201;
			productRefGroup = 400C99F51961351800A0F201 /* Products */;
			projectDirPath = "";
			projectRoot = "";
			targets = (
				400C99F31961351800A0F201 /* Surf Escape */,
				400C9A091961351800A0F201 /* Surf EscapeTests */,
			);
		};
/* End PBXProject section */

/* Begin PBXResourcesBuildPhase section */
		400C99F21961351800A0F201 /* Resources */ = {
			isa = PBXResourcesBuildPhase;
			buildActionMask = 2147483647;
			files = (
				403E6A79196292A900E561C9 /* Surfer.png in Resources */,
				400C9A051961351800A0F201 /* Images.xcassets in Resources */,
				400C99FC1961351800A0F201 /* GameScene.sks in Resources */,
				400C9A031961351800A0F201 /* Main.storyboard in Resources */,
				403E6A7D1962968400E561C9 /* Ground.png in Resources */,
				403E6A7B196292C100E561C9 /* Rocks.png in Resources */,
			);
			runOnlyForDeploymentPostprocessing = 0;
		};
		400C9A081961351800A0F201 /* Resources */ = {
			isa = PBXResourcesBuildPhase;
			buildActionMask = 2147483647;
			files = (
			);
			runOnlyForDeploymentPostprocessing = 0;
		};
/* End PBXResourcesBuildPhase section */

/* Begin PBXSourcesBuildPhase section */
		400C99F01961351800A0F201 /* Sources */ = {
			isa = PBXSourcesBuildPhase;
			buildActionMask = 2147483647;
			files = (
				400C99FE1961351800A0F201 /* GameScene.swift in Sources */,
				400C9A001961351800A0F201 /* GameViewController.swift in Sources */,
				400C99FA1961351800A0F201 /* AppDelegate.swift in Sources */,
			);
			runOnlyForDeploymentPostprocessing = 0;
		};
		400C9A061961351800A0F201 /* Sources */ = {
			isa = PBXSourcesBuildPhase;
			buildActionMask = 2147483647;
			files = (
				400C9A111961351800A0F201 /* Surf_EscapeTests.swift in Sources */,
			);
			runOnlyForDeploymentPostprocessing = 0;
		};
/* End PBXSourcesBuildPhase section */

/* Begin PBXTargetDependency section */
		400C9A0C1961351800A0F201 /* PBXTargetDependency */ = {
			isa = PBXTargetDependency;
			target = 400C99F31961351800A0F201 /* Surf Escape */;
			targetProxy = 400C9A0B1961351800A0F201 /* PBXContainerItemProxy */;
		};
/* End PBXTargetDependency section */

/* Begin PBXVariantGroup section */
		400C9A011961351800A0F201 /* Main.storyboard */ = {
			isa = PBXVariantGroup;
			children = (
				400C9A021961351800A0F201 /* Base */,
			);
			name = Main.storyboard;
			sourceTree = "<group>";
		};
/* End PBXVariantGroup section */

/* Begin XCBuildConfiguration section */
		400C9A121961351800A0F201 /* Debug */ = {
			isa = XCBuildConfiguration;
			buildSettings = {
				ALWAYS_SEARCH_USER_PATHS = NO;
				CLANG_CXX_LANGUAGE_STANDARD = "gnu++0x";
				CLANG_CXX_LIBRARY = "libc++";
				CLANG_ENABLE_MODULES = YES;
				CLANG_ENABLE_OBJC_ARC = YES;
				CLANG_WARN_BOOL_CONVERSION = YES;
				CLANG_WARN_CONSTANT_CONVERSION = YES;
				CLANG_WARN_DIRECT_OBJC_ISA_USAGE = YES_ERROR;
				CLANG_WARN_EMPTY_BODY = YES;
				CLANG_WARN_ENUM_CONVERSION = YES;
				CLANG_WARN_INT_CONVERSION = YES;
				CLANG_WARN_OBJC_ROOT_CLASS = YES_ERROR;
				CLANG_WARN_UNREACHABLE_CODE = YES;
				CLANG_WARN__DUPLICATE_METHOD_MATCH = YES;
				"CODE_SIGN_IDENTITY[sdk=iphoneos*]" = "iPhone Developer";
				COPY_PHASE_STRIP = NO;
				ENABLE_STRICT_OBJC_MSGSEND = YES;
				GCC_C_LANGUAGE_STANDARD = gnu99;
				GCC_DYNAMIC_NO_PIC = NO;
				GCC_OPTIMIZATION_LEVEL = 0;
				GCC_PREPROCESSOR_DEFINITIONS = (
					"DEBUG=1",
					"$(inherited)",
				);
				GCC_SYMBOLS_PRIVATE_EXTERN = NO;
				GCC_WARN_64_TO_32_BIT_CONVERSION = YES;
				GCC_WARN_ABOUT_RETURN_TYPE = YES_ERROR;
				GCC_WARN_UNDECLARED_SELECTOR = YES;
				GCC_WARN_UNINITIALIZED_AUTOS = YES_AGGRESSIVE;
				GCC_WARN_UNUSED_FUNCTION = YES;
				GCC_WARN_UNUSED_VARIABLE = YES;
				IPHONEOS_DEPLOYMENT_TARGET = 8.0;
				METAL_ENABLE_DEBUG_INFO = YES;
				ONLY_ACTIVE_ARCH = YES;
				SDKROOT = iphoneos;
				SWIFT_OPTIMIZATION_LEVEL = "-Onone";
			};
			name = Debug;
		};
		400C9A131961351800A0F201 /* Release */ = {
			isa = XCBuildConfiguration;
			buildSettings = {
				ALWAYS_SEARCH_USER_PATHS = NO;
				CLANG_CXX_LANGUAGE_STANDARD = "gnu++0x";
				CLANG_CXX_LIBRARY = "libc++";
				CLANG_ENABLE_MODULES = YES;
				CLANG_ENABLE_OBJC_ARC = YES;
				CLANG_WARN_BOOL_CONVERSION = YES;
				CLANG_WARN_CONSTANT_CONVERSION = YES;
				CLANG_WARN_DIRECT_OBJC_ISA_USAGE = YES_ERROR;
				CLANG_WARN_EMPTY_BODY = YES;
				CLANG_WARN_ENUM_CONVERSION = YES;
				CLANG_WARN_INT_CONVERSION = YES;
				CLANG_WARN_OBJC_ROOT_CLASS = YES_ERROR;
				CLANG_WARN_UNREACHABLE_CODE = YES;
				CLANG_WARN__DUPLICATE_METHOD_MATCH = YES;
				"CODE_SIGN_IDENTITY[sdk=iphoneos*]" = "iPhone Developer";
				COPY_PHASE_STRIP = YES;
				ENABLE_NS_ASSERTIONS = NO;
				ENABLE_STRICT_OBJC_MSGSEND = YES;
				GCC_C_LANGUAGE_STANDARD = gnu99;
				GCC_WARN_64_TO_32_BIT_CONVERSION = YES;
				GCC_WARN_ABOUT_RETURN_TYPE = YES_ERROR;
				GCC_WARN_UNDECLARED_SELECTOR = YES;
				GCC_WARN_UNINITIALIZED_AUTOS = YES_AGGRESSIVE;
				GCC_WARN_UNUSED_FUNCTION = YES;
				GCC_WARN_UNUSED_VARIABLE = YES;
				IPHONEOS_DEPLOYMENT_TARGET = 8.0;
				METAL_ENABLE_DEBUG_INFO = NO;
				SDKROOT = iphoneos;
				VALIDATE_PRODUCT = YES;
			};
			name = Release;
		};
		400C9A151961351800A0F201 /* Debug */ = {
			isa = XCBuildConfiguration;
			buildSettings = {
				ASSETCATALOG_COMPILER_APPICON_NAME = AppIcon;
				ASSETCATALOG_COMPILER_LAUNCHIMAGE_NAME = LaunchImage;
				CODE_SIGN_IDENTITY = "iPhone Developer";
				"CODE_SIGN_IDENTITY[sdk=iphoneos*]" = "iPhone Developer";
				INFOPLIST_FILE = "Surf Escape/Info.plist";
				IPHONEOS_DEPLOYMENT_TARGET = 8.0;
				LD_RUNPATH_SEARCH_PATHS = "$(inherited) @executable_path/Frameworks";
				PRODUCT_NAME = "$(TARGET_NAME)";
				PROVISIONING_PROFILE = "";
				TARGETED_DEVICE_FAMILY = 1;
			};
			name = Debug;
		};
		400C9A161961351800A0F201 /* Release */ = {
			isa = XCBuildConfiguration;
			buildSettings = {
				ASSETCATALOG_COMPILER_APPICON_NAME = AppIcon;
				ASSETCATALOG_COMPILER_LAUNCHIMAGE_NAME = LaunchImage;
				CODE_SIGN_IDENTITY = "iPhone Developer";
				"CODE_SIGN_IDENTITY[sdk=iphoneos*]" = "iPhone Developer";
				INFOPLIST_FILE = "Surf Escape/Info.plist";
				IPHONEOS_DEPLOYMENT_TARGET = 8.0;
				LD_RUNPATH_SEARCH_PATHS = "$(inherited) @executable_path/Frameworks";
				PRODUCT_NAME = "$(TARGET_NAME)";
				PROVISIONING_PROFILE = "";
				TARGETED_DEVICE_FAMILY = 1;
			};
			name = Release;
		};
		400C9A181961351800A0F201 /* Debug */ = {
			isa = XCBuildConfiguration;
			buildSettings = {
				BUNDLE_LOADER = "$(BUILT_PRODUCTS_DIR)/Surf Escape.app/Surf Escape";
				FRAMEWORK_SEARCH_PATHS = (
					"$(SDKROOT)/Developer/Library/Frameworks",
					"$(inherited)",
				);
				GCC_PREPROCESSOR_DEFINITIONS = (
					"DEBUG=1",
					"$(inherited)",
				);
				INFOPLIST_FILE = "Surf EscapeTests/Info.plist";
				LD_RUNPATH_SEARCH_PATHS = "$(inherited) @executable_path/Frameworks @loader_path/Frameworks";
				METAL_ENABLE_DEBUG_INFO = YES;
				PRODUCT_NAME = "$(TARGET_NAME)";
				TEST_HOST = "$(BUNDLE_LOADER)";
			};
			name = Debug;
		};
		400C9A191961351800A0F201 /* Release */ = {
			isa = XCBuildConfiguration;
			buildSettings = {
				BUNDLE_LOADER = "$(BUILT_PRODUCTS_DIR)/Surf Escape.app/Surf Escape";
				FRAMEWORK_SEARCH_PATHS = (
					"$(SDKROOT)/Developer/Library/Frameworks",
					"$(inherited)",
				);
				INFOPLIST_FILE = "Surf EscapeTests/Info.plist";
				LD_RUNPATH_SEARCH_PATHS = "$(inherited) @executable_path/Frameworks @loader_path/Frameworks";
				METAL_ENABLE_DEBUG_INFO = NO;
				PRODUCT_NAME = "$(TARGET_NAME)";
				TEST_HOST = "$(BUNDLE_LOADER)";
			};
			name = Release;
		};
/* End XCBuildConfiguration section */

/* Begin XCConfigurationList section */
		400C99EF1961351800A0F201 /* Build configuration list for PBXProject "Surf Escape" */ = {
			isa = XCConfigurationList;
			buildConfigurations = (
				400C9A121961351800A0F201 /* Debug */,
				400C9A131961351800A0F201 /* Release */,
			);
			defaultConfigurationIsVisible = 0;
			defaultConfigurationName = Release;
		};
		400C9A141961351800A0F201 /* Build configuration list for PBXNativeTarget "Surf Escape" */ = {
			isa = XCConfigurationList;
			buildConfigurations = (
				400C9A151961351800A0F201 /* Debug */,
				400C9A161961351800A0F201 /* Release */,
			);
			defaultConfigurationIsVisible = 0;
			defaultConfigurationName = Release;
		};
		400C9A171961351800A0F201 /* Build configuration list for PBXNativeTarget "Surf EscapeTests" */ = {
			isa = XCConfigurationList;
			buildConfigurations = (
				400C9A181961351800A0F201 /* Debug */,
				400C9A191961351800A0F201 /* Release */,
			);
			defaultConfigurationIsVisible = 0;
			defaultConfigurationName = Release;
		};
/* End XCConfigurationList section */
	};
	rootObject = 400C99EC1961351800A0F201 /* Project object */;
}
