// !$*UTF8*$!
{
	archiveVersion = 1;
	classes = {
	};
	objectVersion = 46;
	objects = {

/* Begin PBXBuildFile section */
		40A8DB88196268EE00730F12 /* AppDelegate.swift in Sources */ = {isa = PBXBuildFile; fileRef = 40A8DB87196268EE00730F12 /* AppDelegate.swift */; };
		40A8DB8A196268EE00730F12 /* ViewController.swift in Sources */ = {isa = PBXBuildFile; fileRef = 40A8DB89196268EE00730F12 /* ViewController.swift */; };
		40A8DB8D196268EF00730F12 /* Main.storyboard in Resources */ = {isa = PBXBuildFile; fileRef = 40A8DB8B196268EF00730F12 /* Main.storyboard */; };
		40A8DB8F196268EF00730F12 /* Images.xcassets in Resources */ = {isa = PBXBuildFile; fileRef = 40A8DB8E196268EF00730F12 /* Images.xcassets */; };
		40A8DB9B196268EF00730F12 /* iTunesAPITests.swift in Sources */ = {isa = PBXBuildFile; fileRef = 40A8DB9A196268EF00730F12 /* iTunesAPITests.swift */; };
/* End PBXBuildFile section */

/* Begin PBXContainerItemProxy section */
		40A8DB95196268EF00730F12 /* PBXContainerItemProxy */ = {
			isa = PBXContainerItemProxy;
			containerPortal = 40A8DB7A196268EE00730F12 /* Project object */;
			proxyType = 1;
			remoteGlobalIDString = 40A8DB81196268EE00730F12;
			remoteInfo = iTunesAPI;
		};
/* End PBXContainerItemProxy section */

/* Begin PBXFileReference section */
		40A8DB82196268EE00730F12 /* iTunesAPI.app */ = {isa = PBXFileReference; explicitFileType = wrapper.application; includeInIndex = 0; path = iTunesAPI.app; sourceTree = BUILT_PRODUCTS_DIR; };
		40A8DB86196268EE00730F12 /* Info.plist */ = {isa = PBXFileReference; lastKnownFileType = text.plist.xml; path = Info.plist; sourceTree = "<group>"; };
		40A8DB87196268EE00730F12 /* AppDelegate.swift */ = {isa = PBXFileReference; lastKnownFileType = sourcecode.swift; path = AppDelegate.swift; sourceTree = "<group>"; };
		40A8DB89196268EE00730F12 /* ViewController.swift */ = {isa = PBXFileReference; lastKnownFileType = sourcecode.swift; path = ViewController.swift; sourceTree = "<group>"; };
		40A8DB8C196268EF00730F12 /* Base */ = {isa = PBXFileReference; lastKnownFileType = file.storyboard; name = Base; path = Base.lproj/Main.storyboard; sourceTree = "<group>"; };
		40A8DB8E196268EF00730F12 /* Images.xcassets */ = {isa = PBXFileReference; lastKnownFileType = folder.assetcatalog; path = Images.xcassets; sourceTree = "<group>"; };
		40A8DB94196268EF00730F12 /* iTunesAPITests.xctest */ = {isa = PBXFileReference; explicitFileType = wrapper.cfbundle; includeInIndex = 0; path = iTunesAPITests.xctest; sourceTree = BUILT_PRODUCTS_DIR; };
		40A8DB99196268EF00730F12 /* Info.plist */ = {isa = PBXFileReference; lastKnownFileType = text.plist.xml; path = Info.plist; sourceTree = "<group>"; };
		40A8DB9A196268EF00730F12 /* iTunesAPITests.swift */ = {isa = PBXFileReference; lastKnownFileType = sourcecode.swift; path = iTunesAPITests.swift; sourceTree = "<group>"; };
/* End PBXFileReference section */

/* Begin PBXFrameworksBuildPhase section */
		40A8DB7F196268EE00730F12 /* Frameworks */ = {
			isa = PBXFrameworksBuildPhase;
			buildActionMask = 2147483647;
			files = (
			);
			runOnlyForDeploymentPostprocessing = 0;
		};
		40A8DB91196268EF00730F12 /* Frameworks */ = {
			isa = PBXFrameworksBuildPhase;
			buildActionMask = 2147483647;
			files = (
			);
			runOnlyForDeploymentPostprocessing = 0;
		};
/* End PBXFrameworksBuildPhase section */

/* Begin PBXGroup section */
		40A8DB79196268EE00730F12 = {
			isa = PBXGroup;
			children = (
				40A8DB84196268EE00730F12 /* iTunesAPI */,
				40A8DB97196268EF00730F12 /* iTunesAPITests */,
				40A8DB83196268EE00730F12 /* Products */,
			);
			sourceTree = "<group>";
		};
		40A8DB83196268EE00730F12 /* Products */ = {
			isa = PBXGroup;
			children = (
				40A8DB82196268EE00730F12 /* iTunesAPI.app */,
				40A8DB94196268EF00730F12 /* iTunesAPITests.xctest */,
			);
			name = Products;
			sourceTree = "<group>";
		};
		40A8DB84196268EE00730F12 /* iTunesAPI */ = {
			isa = PBXGroup;
			children = (
				40A8DB87196268EE00730F12 /* AppDelegate.swift */,
				40A8DB89196268EE00730F12 /* ViewController.swift */,
				40A8DB8B196268EF00730F12 /* Main.storyboard */,
				40A8DB8E196268EF00730F12 /* Images.xcassets */,
				40A8DB85196268EE00730F12 /* Supporting Files */,
			);
			path = iTunesAPI;
			sourceTree = "<group>";
		};
		40A8DB85196268EE00730F12 /* Supporting Files */ = {
			isa = PBXGroup;
			children = (
				40A8DB86196268EE00730F12 /* Info.plist */,
			);
			name = "Supporting Files";
			sourceTree = "<group>";
		};
		40A8DB97196268EF00730F12 /* iTunesAPITests */ = {
			isa = PBXGroup;
			children = (
				40A8DB9A196268EF00730F12 /* iTunesAPITests.swift */,
				40A8DB98196268EF00730F12 /* Supporting Files */,
			);
			path = iTunesAPITests;
			sourceTree = "<group>";
		};
		40A8DB98196268EF00730F12 /* Supporting Files */ = {
			isa = PBXGroup;
			children = (
				40A8DB99196268EF00730F12 /* Info.plist */,
			);
			name = "Supporting Files";
			sourceTree = "<group>";
		};
/* End PBXGroup section */

/* Begin PBXNativeTarget section */
		40A8DB81196268EE00730F12 /* iTunesAPI */ = {
			isa = PBXNativeTarget;
			buildConfigurationList = 40A8DB9E196268EF00730F12 /* Build configuration list for PBXNativeTarget "iTunesAPI" */;
			buildPhases = (
				40A8DB7E196268EE00730F12 /* Sources */,
				40A8DB7F196268EE00730F12 /* Frameworks */,
				40A8DB80196268EE00730F12 /* Resources */,
			);
			buildRules = (
			);
			dependencies = (
			);
			name = iTunesAPI;
			productName = iTunesAPI;
			productReference = 40A8DB82196268EE00730F12 /* iTunesAPI.app */;
			productType = "com.apple.product-type.application";
		};
		40A8DB93196268EF00730F12 /* iTunesAPITests */ = {
			isa = PBXNativeTarget;
			buildConfigurationList = 40A8DBA1196268EF00730F12 /* Build configuration list for PBXNativeTarget "iTunesAPITests" */;
			buildPhases = (
				40A8DB90196268EF00730F12 /* Sources */,
				40A8DB91196268EF00730F12 /* Frameworks */,
				40A8DB92196268EF00730F12 /* Resources */,
			);
			buildRules = (
			);
			dependencies = (
				40A8DB96196268EF00730F12 /* PBXTargetDependency */,
			);
			name = iTunesAPITests;
			productName = iTunesAPITests;
			productReference = 40A8DB94196268EF00730F12 /* iTunesAPITests.xctest */;
			productType = "com.apple.product-type.bundle.unit-test";
		};
/* End PBXNativeTarget section */

/* Begin PBXProject section */
		40A8DB7A196268EE00730F12 /* Project object */ = {
			isa = PBXProject;
			attributes = {
				LastUpgradeCheck = 0600;
				ORGANIZATIONNAME = "JT App Development";
				TargetAttributes = {
					40A8DB81196268EE00730F12 = {
						CreatedOnToolsVersion = 6.0;
						DevelopmentTeam = BRE4SHMKEL;
					};
					40A8DB93196268EF00730F12 = {
						CreatedOnToolsVersion = 6.0;
						TestTargetID = 40A8DB81196268EE00730F12;
					};
				};
			};
			buildConfigurationList = 40A8DB7D196268EE00730F12 /* Build configuration list for PBXProject "iTunesAPI" */;
			compatibilityVersion = "Xcode 3.2";
			developmentRegion = English;
			hasScannedForEncodings = 0;
			knownRegions = (
				en,
				Base,
			);
			mainGroup = 40A8DB79196268EE00730F12;
			productRefGroup = 40A8DB83196268EE00730F12 /* Products */;
			projectDirPath = "";
			projectRoot = "";
			targets = (
				40A8DB81196268EE00730F12 /* iTunesAPI */,
				40A8DB93196268EF00730F12 /* iTunesAPITests */,
			);
		};
/* End PBXProject section */

/* Begin PBXResourcesBuildPhase section */
		40A8DB80196268EE00730F12 /* Resources */ = {
			isa = PBXResourcesBuildPhase;
			buildActionMask = 2147483647;
			files = (
				40A8DB8D196268EF00730F12 /* Main.storyboard in Resources */,
				40A8DB8F196268EF00730F12 /* Images.xcassets in Resources */,
			);
			runOnlyForDeploymentPostprocessing = 0;
		};
		40A8DB92196268EF00730F12 /* Resources */ = {
			isa = PBXResourcesBuildPhase;
			buildActionMask = 2147483647;
			files = (
			);
			runOnlyForDeploymentPostprocessing = 0;
		};
/* End PBXResourcesBuildPhase section */

/* Begin PBXSourcesBuildPhase section */
		40A8DB7E196268EE00730F12 /* Sources */ = {
			isa = PBXSourcesBuildPhase;
			buildActionMask = 2147483647;
			files = (
				40A8DB8A196268EE00730F12 /* ViewController.swift in Sources */,
				40A8DB88196268EE00730F12 /* AppDelegate.swift in Sources */,
			);
			runOnlyForDeploymentPostprocessing = 0;
		};
		40A8DB90196268EF00730F12 /* Sources */ = {
			isa = PBXSourcesBuildPhase;
			buildActionMask = 2147483647;
			files = (
				40A8DB9B196268EF00730F12 /* iTunesAPITests.swift in Sources */,
			);
			runOnlyForDeploymentPostprocessing = 0;
		};
/* End PBXSourcesBuildPhase section */

/* Begin PBXTargetDependency section */
		40A8DB96196268EF00730F12 /* PBXTargetDependency */ = {
			isa = PBXTargetDependency;
			target = 40A8DB81196268EE00730F12 /* iTunesAPI */;
			targetProxy = 40A8DB95196268EF00730F12 /* PBXContainerItemProxy */;
		};
/* End PBXTargetDependency section */

/* Begin PBXVariantGroup section */
		40A8DB8B196268EF00730F12 /* Main.storyboard */ = {
			isa = PBXVariantGroup;
			children = (
				40A8DB8C196268EF00730F12 /* Base */,
			);
			name = Main.storyboard;
			sourceTree = "<group>";
		};
/* End PBXVariantGroup section */

/* Begin XCBuildConfiguration section */
		40A8DB9C196268EF00730F12 /* Debug */ = {
			isa = XCBuildConfiguration;
			buildSettings = {
				ALWAYS_SEARCH_USER_PATHS = NO;
				CLANG_CXX_LANGUAGE_STANDARD = "gnu++0x";
				CLANG_CXX_LIBRARY = "libc++";
				CLANG_ENABLE_MODULES = YES;
				CLANG_ENABLE_OBJC_ARC = YES;
				CLANG_WARN_BOOL_CONVERSION = YES;
				CLANG_WARN_CONSTANT_CONVERSION = YES;
				CLANG_WARN_DIRECT_OBJC_ISA_USAGE = YES_ERROR;
				CLANG_WARN_EMPTY_BODY = YES;
				CLANG_WARN_ENUM_CONVERSION = YES;
				CLANG_WARN_INT_CONVERSION = YES;
				CLANG_WARN_OBJC_ROOT_CLASS = YES_ERROR;
				CLANG_WARN_UNREACHABLE_CODE = YES;
				CLANG_WARN__DUPLICATE_METHOD_MATCH = YES;
				"CODE_SIGN_IDENTITY[sdk=iphoneos*]" = "iPhone Developer";
				COPY_PHASE_STRIP = NO;
				ENABLE_STRICT_OBJC_MSGSEND = YES;
				GCC_C_LANGUAGE_STANDARD = gnu99;
				GCC_DYNAMIC_NO_PIC = NO;
				GCC_OPTIMIZATION_LEVEL = 0;
				GCC_PREPROCESSOR_DEFINITIONS = (
					"DEBUG=1",
					"$(inherited)",
				);
				GCC_SYMBOLS_PRIVATE_EXTERN = NO;
				GCC_WARN_64_TO_32_BIT_CONVERSION = YES;
				GCC_WARN_ABOUT_RETURN_TYPE = YES_ERROR;
				GCC_WARN_UNDECLARED_SELECTOR = YES;
				GCC_WARN_UNINITIALIZED_AUTOS = YES_AGGRESSIVE;
				GCC_WARN_UNUSED_FUNCTION = YES;
				GCC_WARN_UNUSED_VARIABLE = YES;
				IPHONEOS_DEPLOYMENT_TARGET = 8.0;
				METAL_ENABLE_DEBUG_INFO = YES;
				ONLY_ACTIVE_ARCH = YES;
				SDKROOT = iphoneos;
				SWIFT_OPTIMIZATION_LEVEL = "-Onone";
			};
			name = Debug;
		};
		40A8DB9D196268EF00730F12 /* Release */ = {
			isa = XCBuildConfiguration;
			buildSettings = {
				ALWAYS_SEARCH_USER_PATHS = NO;
				CLANG_CXX_LANGUAGE_STANDARD = "gnu++0x";
				CLANG_CXX_LIBRARY = "libc++";
				CLANG_ENABLE_MODULES = YES;
				CLANG_ENABLE_OBJC_ARC = YES;
				CLANG_WARN_BOOL_CONVERSION = YES;
				CLANG_WARN_CONSTANT_CONVERSION = YES;
				CLANG_WARN_DIRECT_OBJC_ISA_USAGE = YES_ERROR;
				CLANG_WARN_EMPTY_BODY = YES;
				CLANG_WARN_ENUM_CONVERSION = YES;
				CLANG_WARN_INT_CONVERSION = YES;
				CLANG_WARN_OBJC_ROOT_CLASS = YES_ERROR;
				CLANG_WARN_UNREACHABLE_CODE = YES;
				CLANG_WARN__DUPLICATE_METHOD_MATCH = YES;
				"CODE_SIGN_IDENTITY[sdk=iphoneos*]" = "iPhone Developer";
				COPY_PHASE_STRIP = YES;
				ENABLE_NS_ASSERTIONS = NO;
				ENABLE_STRICT_OBJC_MSGSEND = YES;
				GCC_C_LANGUAGE_STANDARD = gnu99;
				GCC_WARN_64_TO_32_BIT_CONVERSION = YES;
				GCC_WARN_ABOUT_RETURN_TYPE = YES_ERROR;
				GCC_WARN_UNDECLARED_SELECTOR = YES;
				GCC_WARN_UNINITIALIZED_AUTOS = YES_AGGRESSIVE;
				GCC_WARN_UNUSED_FUNCTION = YES;
				GCC_WARN_UNUSED_VARIABLE = YES;
				IPHONEOS_DEPLOYMENT_TARGET = 8.0;
				METAL_ENABLE_DEBUG_INFO = NO;
				SDKROOT = iphoneos;
				VALIDATE_PRODUCT = YES;
			};
			name = Release;
		};
		40A8DB9F196268EF00730F12 /* Debug */ = {
			isa = XCBuildConfiguration;
			buildSettings = {
				ASSETCATALOG_COMPILER_APPICON_NAME = AppIcon;
				ASSETCATALOG_COMPILER_LAUNCHIMAGE_NAME = LaunchImage;
				CODE_SIGN_IDENTITY = "iPhone Developer";
				INFOPLIST_FILE = iTunesAPI/Info.plist;
				LD_RUNPATH_SEARCH_PATHS = "$(inherited) @executable_path/Frameworks";
				PRODUCT_NAME = "$(TARGET_NAME)";
			};
			name = Debug;
		};
		40A8DBA0196268EF00730F12 /* Release */ = {
			isa = XCBuildConfiguration;
			buildSettings = {
				ASSETCATALOG_COMPILER_APPICON_NAME = AppIcon;
				ASSETCATALOG_COMPILER_LAUNCHIMAGE_NAME = LaunchImage;
				CODE_SIGN_IDENTITY = "iPhone Developer";
				INFOPLIST_FILE = iTunesAPI/Info.plist;
				LD_RUNPATH_SEARCH_PATHS = "$(inherited) @executable_path/Frameworks";
				PRODUCT_NAME = "$(TARGET_NAME)";
			};
			name = Release;
		};
		40A8DBA2196268EF00730F12 /* Debug */ = {
			isa = XCBuildConfiguration;
			buildSettings = {
				BUNDLE_LOADER = "$(BUILT_PRODUCTS_DIR)/iTunesAPI.app/iTunesAPI";
				FRAMEWORK_SEARCH_PATHS = (
					"$(SDKROOT)/Developer/Library/Frameworks",
					"$(inherited)",
				);
				GCC_PREPROCESSOR_DEFINITIONS = (
					"DEBUG=1",
					"$(inherited)",
				);
				INFOPLIST_FILE = iTunesAPITests/Info.plist;
				LD_RUNPATH_SEARCH_PATHS = "$(inherited) @executable_path/Frameworks @loader_path/Frameworks";
				METAL_ENABLE_DEBUG_INFO = YES;
				PRODUCT_NAME = "$(TARGET_NAME)";
				TEST_HOST = "$(BUNDLE_LOADER)";
			};
			name = Debug;
		};
		40A8DBA3196268EF00730F12 /* Release */ = {
			isa = XCBuildConfiguration;
			buildSettings = {
				BUNDLE_LOADER = "$(BUILT_PRODUCTS_DIR)/iTunesAPI.app/iTunesAPI";
				FRAMEWORK_SEARCH_PATHS = (
					"$(SDKROOT)/Developer/Library/Frameworks",
					"$(inherited)",
				);
				INFOPLIST_FILE = iTunesAPITests/Info.plist;
				LD_RUNPATH_SEARCH_PATHS = "$(inherited) @executable_path/Frameworks @loader_path/Frameworks";
				METAL_ENABLE_DEBUG_INFO = NO;
				PRODUCT_NAME = "$(TARGET_NAME)";
				TEST_HOST = "$(BUNDLE_LOADER)";
			};
			name = Release;
		};
/* End XCBuildConfiguration section */

/* Begin XCConfigurationList section */
		40A8DB7D196268EE00730F12 /* Build configuration list for PBXProject "iTunesAPI" */ = {
			isa = XCConfigurationList;
			buildConfigurations = (
				40A8DB9C196268EF00730F12 /* Debug */,
				40A8DB9D196268EF00730F12 /* Release */,
			);
			defaultConfigurationIsVisible = 0;
			defaultConfigurationName = Release;
		};
		40A8DB9E196268EF00730F12 /* Build configuration list for PBXNativeTarget "iTunesAPI" */ = {
			isa = XCConfigurationList;
			buildConfigurations = (
				40A8DB9F196268EF00730F12 /* Debug */,
				40A8DBA0196268EF00730F12 /* Release */,
			);
			defaultConfigurationIsVisible = 0;
		};
		40A8DBA1196268EF00730F12 /* Build configuration list for PBXNativeTarget "iTunesAPITests" */ = {
			isa = XCConfigurationList;
			buildConfigurations = (
				40A8DBA2196268EF00730F12 /* Debug */,
				40A8DBA3196268EF00730F12 /* Release */,
			);
			defaultConfigurationIsVisible = 0;
		};
/* End XCConfigurationList section */
	};
	rootObject = 40A8DB7A196268EE00730F12 /* Project object */;
}
